Microsoft Visual Studio Solution File, Format Version 12.00
# Visual Studio Version 17
VisualStudioVersion = 17.0.31903.59
MinimumVisualStudioVersion = 10.0.40219.1
Project("{FAE04EC0-301F-11D3-BF4B-00C04F79EFBC}") = "Hourglass.Core", "src\Hourglass.Core\Hourglass.Core.csproj", "{6F6E48EA-0200-4BE4-B7B2-3D9FF264986C}"
EndProject
Project("{FAE04EC0-301F-11D3-BF4B-00C04F79EFBC}") = "Hourglass.Platform", "src\Hourglass.Platform\Hourglass.Platform.csproj", "{FB74CB6B-2B8D-42CD-A9B6-B487DA98C7B9}"
EndProject
Project("{FAE04EC0-301F-11D3-BF4B-00C04F79EFBC}") = "Hourglass.Linux.Services", "src\Hourglass.Linux.Services\Hourglass.Linux.Services.csproj", "{789BB4EE-D953-45E5-920D-948C4F060B63}"
EndProject
Project("{FAE04EC0-301F-11D3-BF4B-00C04F79EFBC}") = "Hourglass.Linux.Avalonia", "src\Hourglass.Linux.Avalonia\Hourglass.Linux.Avalonia.csproj", "{1B2B7631-7F86-44BD-A7AA-94F5581F4A83}"
EndProject
Project("{FAE04EC0-301F-11D3-BF4B-00C04F79EFBC}") = "Hourglass.Core.Tests", "tests\Hourglass.Core.Tests\Hourglass.Core.Tests.csproj", "{C11DC857-7BEA-4215-A2E6-FDF4586F8D28}"
EndProject
Global
	GlobalSection(SolutionConfigurationPlatforms) = preSolution
		Debug|Any CPU = Debug|Any CPU
		Release|Any CPU = Release|Any CPU
	EndGlobalSection
	GlobalSection(ProjectConfigurationPlatforms) = postSolution
		{6F6E48EA-0200-4BE4-B7B2-3D9FF264986C}.Debug|Any CPU.ActiveCfg = Debug|Any CPU
		{6F6E48EA-0200-4BE4-B7B2-3D9FF264986C}.Debug|Any CPU.Build.0 = Debug|Any CPU
		{6F6E48EA-0200-4BE4-B7B2-3D9FF264986C}.Release|Any CPU.ActiveCfg = Release|Any CPU
		{6F6E48EA-0200-4BE4-B7B2-3D9FF264986C}.Release|Any CPU.Build.0 = Release|Any CPU
		{FB74CB6B-2B8D-42CD-A9B6-B487DA98C7B9}.Debug|Any CPU.ActiveCfg = Debug|Any CPU
		{FB74CB6B-2B8D-42CD-A9B6-B487DA98C7B9}.Debug|Any CPU.Build.0 = Debug|Any CPU
		{FB74CB6B-2B8D-42CD-A9B6-B487DA98C7B9}.Release|Any CPU.ActiveCfg = Release|Any CPU
		{FB74CB6B-2B8D-42CD-A9B6-B487DA98C7B9}.Release|Any CPU.Build.0 = Release|Any CPU
		{789BB4EE-D953-45E5-920D-948C4F060B63}.Debug|Any CPU.ActiveCfg = Debug|Any CPU
		{789BB4EE-D953-45E5-920D-948C4F060B63}.Debug|Any CPU.Build.0 = Debug|Any CPU
		{789BB4EE-D953-45E5-920D-948C4F060B63}.Release|Any CPU.ActiveCfg = Release|Any CPU
		{789BB4EE-D953-45E5-920D-948C4F060B63}.Release|Any CPU.Build.0 = Release|Any CPU
		{1B2B7631-7F86-44BD-A7AA-94F5581F4A83}.Debug|Any CPU.ActiveCfg = Debug|Any CPU
		{1B2B7631-7F86-44BD-A7AA-94F5581F4A83}.Debug|Any CPU.Build.0 = Debug|Any CPU
		{1B2B7631-7F86-44BD-A7AA-94F5581F4A83}.Release|Any CPU.ActiveCfg = Release|Any CPU
		{1B2B7631-7F86-44BD-A7AA-94F5581F4A83}.Release|Any CPU.Build.0 = Release|Any CPU
		{C11DC857-7BEA-4215-A2E6-FDF4586F8D28}.Debug|Any CPU.ActiveCfg = Debug|Any CPU
		{C11DC857-7BEA-4215-A2E6-FDF4586F8D28}.Debug|Any CPU.Build.0 = Debug|Any CPU
		{C11DC857-7BEA-4215-A2E6-FDF4586F8D28}.Release|Any CPU.ActiveCfg = Release|Any CPU
		{C11DC857-7BEA-4215-A2E6-FDF4586F8D28}.Release|Any CPU.Build.0 = Release|Any CPU
	EndGlobalSection
	GlobalSection(SolutionProperties) = preSolution
		HideSolutionNode = FALSE
	EndGlobalSection
EndGlobal
